// !$*UTF8*$!
{
	archiveVersion = 1;
	classes = {
	};
	objectVersion = 56;
	objects = {

/* Begin PBXBuildFile section */
		41E12B002A65968C006315F1 /* SwiftWeatherApp.swift in Sources */ = {isa = PBXBuildFile; fileRef = 41E12AFF2A65968C006315F1 /* SwiftWeatherApp.swift */; };
		41E12B022A65968C006315F1 /* ContentView.swift in Sources */ = {isa = PBXBuildFile; fileRef = 41E12B012A65968C006315F1 /* ContentView.swift */; };
		41E12B042A65968D006315F1 /* Assets.xcassets in Resources */ = {isa = PBXBuildFile; fileRef = 41E12B032A65968D006315F1 /* Assets.xcassets */; };
		41E12B072A65968D006315F1 /* Preview Assets.xcassets in Resources */ = {isa = PBXBuildFile; fileRef = 41E12B062A65968D006315F1 /* Preview Assets.xcassets */; };
		41E12B092A65968D006315F1 /* Persistence.swift in Sources */ = {isa = PBXBuildFile; fileRef = 41E12B082A65968D006315F1 /* Persistence.swift */; };
		41E12B0C2A65968D006315F1 /* SwiftWeather.xcdatamodeld in Sources */ = {isa = PBXBuildFile; fileRef = 41E12B0A2A65968D006315F1 /* SwiftWeather.xcdatamodeld */; };
		41E12B172A65968D006315F1 /* SwiftWeatherTests.swift in Sources */ = {isa = PBXBuildFile; fileRef = 41E12B162A65968D006315F1 /* SwiftWeatherTests.swift */; };
		41E12B212A65968D006315F1 /* SwiftWeatherUITests.swift in Sources */ = {isa = PBXBuildFile; fileRef = 41E12B202A65968D006315F1 /* SwiftWeatherUITests.swift */; };
		41E12B232A65968D006315F1 /* SwiftWeatherUITestsLaunchTests.swift in Sources */ = {isa = PBXBuildFile; fileRef = 41E12B222A65968D006315F1 /* SwiftWeatherUITestsLaunchTests.swift */; };
/* End PBXBuildFile section */

/* Begin PBXContainerItemProxy section */
		41E12B132A65968D006315F1 /* PBXContainerItemProxy */ = {
			isa = PBXContainerItemProxy;
			containerPortal = 41E12AF42A65968C006315F1 /* Project object */;
			proxyType = 1;
			remoteGlobalIDString = 41E12AFB2A65968C006315F1;
			remoteInfo = SwiftWeather;
		};
		41E12B1D2A65968D006315F1 /* PBXContainerItemProxy */ = {
			isa = PBXContainerItemProxy;
			containerPortal = 41E12AF42A65968C006315F1 /* Project object */;
			proxyType = 1;
			remoteGlobalIDString = 41E12AFB2A65968C006315F1;
			remoteInfo = SwiftWeather;
		};
/* End PBXContainerItemProxy section */

/* Begin PBXFileReference section */
		41E12AFC2A65968C006315F1 /* SwiftWeather.app */ = {isa = PBXFileReference; explicitFileType = wrapper.application; includeInIndex = 0; path = SwiftWeather.app; sourceTree = BUILT_PRODUCTS_DIR; };
		41E12AFF2A65968C006315F1 /* SwiftWeatherApp.swift */ = {isa = PBXFileReference; lastKnownFileType = sourcecode.swift; path = SwiftWeatherApp.swift; sourceTree = "<group>"; };
		41E12B012A65968C006315F1 /* ContentView.swift */ = {isa = PBXFileReference; lastKnownFileType = sourcecode.swift; path = ContentView.swift; sourceTree = "<group>"; };
		41E12B032A65968D006315F1 /* Assets.xcassets */ = {isa = PBXFileReference; lastKnownFileType = folder.assetcatalog; path = Assets.xcassets; sourceTree = "<group>"; };
		41E12B062A65968D006315F1 /* Preview Assets.xcassets */ = {isa = PBXFileReference; lastKnownFileType = folder.assetcatalog; path = "Preview Assets.xcassets"; sourceTree = "<group>"; };
		41E12B082A65968D006315F1 /* Persistence.swift */ = {isa = PBXFileReference; lastKnownFileType = sourcecode.swift; path = Persistence.swift; sourceTree = "<group>"; };
		41E12B0B2A65968D006315F1 /* SwiftWeather.xcdatamodel */ = {isa = PBXFileReference; lastKnownFileType = wrapper.xcdatamodel; path = SwiftWeather.xcdatamodel; sourceTree = "<group>"; };
		41E12B0D2A65968D006315F1 /* Info.plist */ = {isa = PBXFileReference; lastKnownFileType = text.plist.xml; path = Info.plist; sourceTree = "<group>"; };
		41E12B122A65968D006315F1 /* SwiftWeatherTests.xctest */ = {isa = PBXFileReference; explicitFileType = wrapper.cfbundle; includeInIndex = 0; path = SwiftWeatherTests.xctest; sourceTree = BUILT_PRODUCTS_DIR; };
		41E12B162A65968D006315F1 /* SwiftWeatherTests.swift */ = {isa = PBXFileReference; lastKnownFileType = sourcecode.swift; path = SwiftWeatherTests.swift; sourceTree = "<group>"; };
		41E12B1C2A65968D006315F1 /* SwiftWeatherUITests.xctest */ = {isa = PBXFileReference; explicitFileType = wrapper.cfbundle; includeInIndex = 0; path = SwiftWeatherUITests.xctest; sourceTree = BUILT_PRODUCTS_DIR; };
		41E12B202A65968D006315F1 /* SwiftWeatherUITests.swift */ = {isa = PBXFileReference; lastKnownFileType = sourcecode.swift; path = SwiftWeatherUITests.swift; sourceTree = "<group>"; };
		41E12B222A65968D006315F1 /* SwiftWeatherUITestsLaunchTests.swift */ = {isa = PBXFileReference; lastKnownFileType = sourcecode.swift; path = SwiftWeatherUITestsLaunchTests.swift; sourceTree = "<group>"; };
/* End PBXFileReference section */

/* Begin PBXFrameworksBuildPhase section */
		41E12AF92A65968C006315F1 /* Frameworks */ = {
			isa = PBXFrameworksBuildPhase;
			buildActionMask = 2147483647;
			files = (
			);
			runOnlyForDeploymentPostprocessing = 0;
		};
		41E12B0F2A65968D006315F1 /* Frameworks */ = {
			isa = PBXFrameworksBuildPhase;
			buildActionMask = 2147483647;
			files = (
			);
			runOnlyForDeploymentPostprocessing = 0;
		};
		41E12B192A65968D006315F1 /* Frameworks */ = {
			isa = PBXFrameworksBuildPhase;
			buildActionMask = 2147483647;
			files = (
			);
			runOnlyForDeploymentPostprocessing = 0;
		};
/* End PBXFrameworksBuildPhase section */

/* Begin PBXGroup section */
		41E12AF32A65968C006315F1 = {
			isa = PBXGroup;
			children = (
				41E12AFE2A65968C006315F1 /* SwiftWeather */,
				41E12B152A65968D006315F1 /* SwiftWeatherTests */,
				41E12B1F2A65968D006315F1 /* SwiftWeatherUITests */,
				41E12AFD2A65968C006315F1 /* Products */,
			);
			sourceTree = "<group>";
		};
		41E12AFD2A65968C006315F1 /* Products */ = {
			isa = PBXGroup;
			children = (
				41E12AFC2A65968C006315F1 /* SwiftWeather.app */,
				41E12B122A65968D006315F1 /* SwiftWeatherTests.xctest */,
				41E12B1C2A65968D006315F1 /* SwiftWeatherUITests.xctest */,
			);
			name = Products;
			sourceTree = "<group>";
		};
		41E12AFE2A65968C006315F1 /* SwiftWeather */ = {
			isa = PBXGroup;
			children = (
				41E12AFF2A65968C006315F1 /* SwiftWeatherApp.swift */,
				41E12B012A65968C006315F1 /* ContentView.swift */,
				41E12B032A65968D006315F1 /* Assets.xcassets */,
				41E12B082A65968D006315F1 /* Persistence.swift */,
				41E12B0D2A65968D006315F1 /* Info.plist */,
				41E12B0A2A65968D006315F1 /* SwiftWeather.xcdatamodeld */,
				41E12B052A65968D006315F1 /* Preview Content */,
			);
			path = SwiftWeather;
			sourceTree = "<group>";
		};
		41E12B052A65968D006315F1 /* Preview Content */ = {
			isa = PBXGroup;
			children = (
				41E12B062A65968D006315F1 /* Preview Assets.xcassets */,
			);
			path = "Preview Content";
			sourceTree = "<group>";
		};
		41E12B152A65968D006315F1 /* SwiftWeatherTests */ = {
			isa = PBXGroup;
			children = (
				41E12B162A65968D006315F1 /* SwiftWeatherTests.swift */,
			);
			path = SwiftWeatherTests;
			sourceTree = "<group>";
		};
		41E12B1F2A65968D006315F1 /* SwiftWeatherUITests */ = {
			isa = PBXGroup;
			children = (
				41E12B202A65968D006315F1 /* SwiftWeatherUITests.swift */,
				41E12B222A65968D006315F1 /* SwiftWeatherUITestsLaunchTests.swift */,
			);
			path = SwiftWeatherUITests;
			sourceTree = "<group>";
		};
/* End PBXGroup section */

/* Begin PBXNativeTarget section */
		41E12AFB2A65968C006315F1 /* SwiftWeather */ = {
			isa = PBXNativeTarget;
			buildConfigurationList = 41E12B262A65968D006315F1 /* Build configuration list for PBXNativeTarget "SwiftWeather" */;
			buildPhases = (
				41E12AF82A65968C006315F1 /* Sources */,
				41E12AF92A65968C006315F1 /* Frameworks */,
				41E12AFA2A65968C006315F1 /* Resources */,
			);
			buildRules = (
			);
			dependencies = (
			);
			name = SwiftWeather;
			productName = SwiftWeather;
			productReference = 41E12AFC2A65968C006315F1 /* SwiftWeather.app */;
			productType = "com.apple.product-type.application";
		};
		41E12B112A65968D006315F1 /* SwiftWeatherTests */ = {
			isa = PBXNativeTarget;
			buildConfigurationList = 41E12B292A65968D006315F1 /* Build configuration list for PBXNativeTarget "SwiftWeatherTests" */;
			buildPhases = (
				41E12B0E2A65968D006315F1 /* Sources */,
				41E12B0F2A65968D006315F1 /* Frameworks */,
				41E12B102A65968D006315F1 /* Resources */,
			);
			buildRules = (
			);
			dependencies = (
				41E12B142A65968D006315F1 /* PBXTargetDependency */,
			);
			name = SwiftWeatherTests;
			productName = SwiftWeatherTests;
			productReference = 41E12B122A65968D006315F1 /* SwiftWeatherTests.xctest */;
			productType = "com.apple.product-type.bundle.unit-test";
		};
		41E12B1B2A65968D006315F1 /* SwiftWeatherUITests */ = {
			isa = PBXNativeTarget;
			buildConfigurationList = 41E12B2C2A65968D006315F1 /* Build configuration list for PBXNativeTarget "SwiftWeatherUITests" */;
			buildPhases = (
				41E12B182A65968D006315F1 /* Sources */,
				41E12B192A65968D006315F1 /* Frameworks */,
				41E12B1A2A65968D006315F1 /* Resources */,
			);
			buildRules = (
			);
			dependencies = (
				41E12B1E2A65968D006315F1 /* PBXTargetDependency */,
			);
			name = SwiftWeatherUITests;
			productName = SwiftWeatherUITests;
			productReference = 41E12B1C2A65968D006315F1 /* SwiftWeatherUITests.xctest */;
			productType = "com.apple.product-type.bundle.ui-testing";
		};
/* End PBXNativeTarget section */

/* Begin PBXProject section */
		41E12AF42A65968C006315F1 /* Project object */ = {
			isa = PBXProject;
			attributes = {
				BuildIndependentTargetsInParallel = 1;
				LastSwiftUpdateCheck = 1430;
				LastUpgradeCheck = 1430;
				TargetAttributes = {
					41E12AFB2A65968C006315F1 = {
						CreatedOnToolsVersion = 14.3;
					};
					41E12B112A65968D006315F1 = {
						CreatedOnToolsVersion = 14.3;
						TestTargetID = 41E12AFB2A65968C006315F1;
					};
					41E12B1B2A65968D006315F1 = {
						CreatedOnToolsVersion = 14.3;
						TestTargetID = 41E12AFB2A65968C006315F1;
					};
				};
			};
			buildConfigurationList = 41E12AF72A65968C006315F1 /* Build configuration list for PBXProject "SwiftWeather" */;
			compatibilityVersion = "Xcode 14.0";
			developmentRegion = en;
			hasScannedForEncodings = 0;
			knownRegions = (
				en,
				Base,
			);
			mainGroup = 41E12AF32A65968C006315F1;
			productRefGroup = 41E12AFD2A65968C006315F1 /* Products */;
			projectDirPath = "";
			projectRoot = "";
			targets = (
				41E12AFB2A65968C006315F1 /* SwiftWeather */,
				41E12B112A65968D006315F1 /* SwiftWeatherTests */,
				41E12B1B2A65968D006315F1 /* SwiftWeatherUITests */,
			);
		};
/* End PBXProject section */

/* Begin PBXResourcesBuildPhase section */
		41E12AFA2A65968C006315F1 /* Resources */ = {
			isa = PBXResourcesBuildPhase;
			buildActionMask = 2147483647;
			files = (
				41E12B072A65968D006315F1 /* Preview Assets.xcassets in Resources */,
				41E12B042A65968D006315F1 /* Assets.xcassets in Resources */,
			);
			runOnlyForDeploymentPostprocessing = 0;
		};
		41E12B102A65968D006315F1 /* Resources */ = {
			isa = PBXResourcesBuildPhase;
			buildActionMask = 2147483647;
			files = (
			);
			runOnlyForDeploymentPostprocessing = 0;
		};
		41E12B1A2A65968D006315F1 /* Resources */ = {
			isa = PBXResourcesBuildPhase;
			buildActionMask = 2147483647;
			files = (
			);
			runOnlyForDeploymentPostprocessing = 0;
		};
/* End PBXResourcesBuildPhase section */

/* Begin PBXSourcesBuildPhase section */
		41E12AF82A65968C006315F1 /* Sources */ = {
			isa = PBXSourcesBuildPhase;
			buildActionMask = 2147483647;
			files = (
				41E12B092A65968D006315F1 /* Persistence.swift in Sources */,
				41E12B022A65968C006315F1 /* ContentView.swift in Sources */,
				41E12B0C2A65968D006315F1 /* SwiftWeather.xcdatamodeld in Sources */,
				41E12B002A65968C006315F1 /* SwiftWeatherApp.swift in Sources */,
			);
			runOnlyForDeploymentPostprocessing = 0;
		};
		41E12B0E2A65968D006315F1 /* Sources */ = {
			isa = PBXSourcesBuildPhase;
			buildActionMask = 2147483647;
			files = (
				41E12B172A65968D006315F1 /* SwiftWeatherTests.swift in Sources */,
			);
			runOnlyForDeploymentPostprocessing = 0;
		};
		41E12B182A65968D006315F1 /* Sources */ = {
			isa = PBXSourcesBuildPhase;
			buildActionMask = 2147483647;
			files = (
				41E12B212A65968D006315F1 /* SwiftWeatherUITests.swift in Sources */,
				41E12B232A65968D006315F1 /* SwiftWeatherUITestsLaunchTests.swift in Sources */,
			);
			runOnlyForDeploymentPostprocessing = 0;
		};
/* End PBXSourcesBuildPhase section */

/* Begin PBXTargetDependency section */
		41E12B142A65968D006315F1 /* PBXTargetDependency */ = {
			isa = PBXTargetDependency;
			target = 41E12AFB2A65968C006315F1 /* SwiftWeather */;
			targetProxy = 41E12B132A65968D006315F1 /* PBXContainerItemProxy */;
		};
		41E12B1E2A65968D006315F1 /* PBXTargetDependency */ = {
			isa = PBXTargetDependency;
			target = 41E12AFB2A65968C006315F1 /* SwiftWeather */;
			targetProxy = 41E12B1D2A65968D006315F1 /* PBXContainerItemProxy */;
		};
/* End PBXTargetDependency section */

/* Begin XCBuildConfiguration section */
		41E12B242A65968D006315F1 /* Debug */ = {
			isa = XCBuildConfiguration;
			buildSettings = {
				ALWAYS_SEARCH_USER_PATHS = NO;
				CLANG_ANALYZER_NONNULL = YES;
				CLANG_ANALYZER_NUMBER_OBJECT_CONVERSION = YES_AGGRESSIVE;
				CLANG_CXX_LANGUAGE_STANDARD = "gnu++20";
				CLANG_ENABLE_MODULES = YES;
				CLANG_ENABLE_OBJC_ARC = YES;
				CLANG_ENABLE_OBJC_WEAK = YES;
				CLANG_WARN_BLOCK_CAPTURE_AUTORELEASING = YES;
				CLANG_WARN_BOOL_CONVERSION = YES;
				CLANG_WARN_COMMA = YES;
				CLANG_WARN_CONSTANT_CONVERSION = YES;
				CLANG_WARN_DEPRECATED_OBJC_IMPLEMENTATIONS = YES;
				CLANG_WARN_DIRECT_OBJC_ISA_USAGE = YES_ERROR;
				CLANG_WARN_DOCUMENTATION_COMMENTS = YES;
				CLANG_WARN_EMPTY_BODY = YES;
				CLANG_WARN_ENUM_CONVERSION = YES;
				CLANG_WARN_INFINITE_RECURSION = YES;
				CLANG_WARN_INT_CONVERSION = YES;
				CLANG_WARN_NON_LITERAL_NULL_CONVERSION = YES;
				CLANG_WARN_OBJC_IMPLICIT_RETAIN_SELF = YES;
				CLANG_WARN_OBJC_LITERAL_CONVERSION = YES;
				CLANG_WARN_OBJC_ROOT_CLASS = YES_ERROR;
				CLANG_WARN_QUOTED_INCLUDE_IN_FRAMEWORK_HEADER = YES;
				CLANG_WARN_RANGE_LOOP_ANALYSIS = YES;
				CLANG_WARN_STRICT_PROTOTYPES = YES;
				CLANG_WARN_SUSPICIOUS_MOVE = YES;
				CLANG_WARN_UNGUARDED_AVAILABILITY = YES_AGGRESSIVE;
				CLANG_WARN_UNREACHABLE_CODE = YES;
				CLANG_WARN__DUPLICATE_METHOD_MATCH = YES;
				COPY_PHASE_STRIP = NO;
				DEBUG_INFORMATION_FORMAT = dwarf;
				ENABLE_STRICT_OBJC_MSGSEND = YES;
				ENABLE_TESTABILITY = YES;
				GCC_C_LANGUAGE_STANDARD = gnu11;
				GCC_DYNAMIC_NO_PIC = NO;
				GCC_NO_COMMON_BLOCKS = YES;
				GCC_OPTIMIZATION_LEVEL = 0;
				GCC_PREPROCESSOR_DEFINITIONS = (
					"DEBUG=1",
					"$(inherited)",
				);
				GCC_WARN_64_TO_32_BIT_CONVERSION = YES;
				GCC_WARN_ABOUT_RETURN_TYPE = YES_ERROR;
				GCC_WARN_UNDECLARED_SELECTOR = YES;
				GCC_WARN_UNINITIALIZED_AUTOS = YES_AGGRESSIVE;
				GCC_WARN_UNUSED_FUNCTION = YES;
				GCC_WARN_UNUSED_VARIABLE = YES;
				IPHONEOS_DEPLOYMENT_TARGET = 16.4;
				MTL_ENABLE_DEBUG_INFO = INCLUDE_SOURCE;
				MTL_FAST_MATH = YES;
				ONLY_ACTIVE_ARCH = YES;
				SDKROOT = iphoneos;
				SWIFT_ACTIVE_COMPILATION_CONDITIONS = DEBUG;
				SWIFT_OPTIMIZATION_LEVEL = "-Onone";
			};
			name = Debug;
		};
		41E12B252A65968D006315F1 /* Release */ = {
			isa = XCBuildConfiguration;
			buildSettings = {
				ALWAYS_SEARCH_USER_PATHS = NO;
				CLANG_ANALYZER_NONNULL = YES;
				CLANG_ANALYZER_NUMBER_OBJECT_CONVERSION = YES_AGGRESSIVE;
				CLANG_CXX_LANGUAGE_STANDARD = "gnu++20";
				CLANG_ENABLE_MODULES = YES;
				CLANG_ENABLE_OBJC_ARC = YES;
				CLANG_ENABLE_OBJC_WEAK = YES;
				CLANG_WARN_BLOCK_CAPTURE_AUTORELEASING = YES;
				CLANG_WARN_BOOL_CONVERSION = YES;
				CLANG_WARN_COMMA = YES;
				CLANG_WARN_CONSTANT_CONVERSION = YES;
				CLANG_WARN_DEPRECATED_OBJC_IMPLEMENTATIONS = YES;
				CLANG_WARN_DIRECT_OBJC_ISA_USAGE = YES_ERROR;
				CLANG_WARN_DOCUMENTATION_COMMENTS = YES;
				CLANG_WARN_EMPTY_BODY = YES;
				CLANG_WARN_ENUM_CONVERSION = YES;
				CLANG_WARN_INFINITE_RECURSION = YES;
				CLANG_WARN_INT_CONVERSION = YES;
				CLANG_WARN_NON_LITERAL_NULL_CONVERSION = YES;
				CLANG_WARN_OBJC_IMPLICIT_RETAIN_SELF = YES;
				CLANG_WARN_OBJC_LITERAL_CONVERSION = YES;
				CLANG_WARN_OBJC_ROOT_CLASS = YES_ERROR;
				CLANG_WARN_QUOTED_INCLUDE_IN_FRAMEWORK_HEADER = YES;
				CLANG_WARN_RANGE_LOOP_ANALYSIS = YES;
				CLANG_WARN_STRICT_PROTOTYPES = YES;
				CLANG_WARN_SUSPICIOUS_MOVE = YES;
				CLANG_WARN_UNGUARDED_AVAILABILITY = YES_AGGRESSIVE;
				CLANG_WARN_UNREACHABLE_CODE = YES;
				CLANG_WARN__DUPLICATE_METHOD_MATCH = YES;
				COPY_PHASE_STRIP = NO;
				DEBUG_INFORMATION_FORMAT = "dwarf-with-dsym";
				ENABLE_NS_ASSERTIONS = NO;
				ENABLE_STRICT_OBJC_MSGSEND = YES;
				GCC_C_LANGUAGE_STANDARD = gnu11;
				GCC_NO_COMMON_BLOCKS = YES;
				GCC_WARN_64_TO_32_BIT_CONVERSION = YES;
				GCC_WARN_ABOUT_RETURN_TYPE = YES_ERROR;
				GCC_WARN_UNDECLARED_SELECTOR = YES;
				GCC_WARN_UNINITIALIZED_AUTOS = YES_AGGRESSIVE;
				GCC_WARN_UNUSED_FUNCTION = YES;
				GCC_WARN_UNUSED_VARIABLE = YES;
				IPHONEOS_DEPLOYMENT_TARGET = 16.4;
				MTL_ENABLE_DEBUG_INFO = NO;
				MTL_FAST_MATH = YES;
				SDKROOT = iphoneos;
				SWIFT_COMPILATION_MODE = wholemodule;
				SWIFT_OPTIMIZATION_LEVEL = "-O";
				VALIDATE_PRODUCT = YES;
			};
			name = Release;
		};
		41E12B272A65968D006315F1 /* Debug */ = {
			isa = XCBuildConfiguration;
			buildSettings = {
				ASSETCATALOG_COMPILER_APPICON_NAME = AppIcon;
				ASSETCATALOG_COMPILER_GLOBAL_ACCENT_COLOR_NAME = AccentColor;
				CODE_SIGN_STYLE = Automatic;
				CURRENT_PROJECT_VERSION = 1;
				DEVELOPMENT_ASSET_PATHS = "\"SwiftWeather/Preview Content\"";
				ENABLE_PREVIEWS = YES;
				GENERATE_INFOPLIST_FILE = YES;
				INFOPLIST_KEY_UIApplicationSceneManifest_Generation = YES;
				INFOPLIST_KEY_UIApplicationSupportsIndirectInputEvents = YES;
				INFOPLIST_KEY_UILaunchScreen_Generation = YES;
				INFOPLIST_KEY_UISupportedInterfaceOrientations_iPad = "UIInterfaceOrientationPortrait UIInterfaceOrientationPortraitUpsideDown UIInterfaceOrientationLandscapeLeft UIInterfaceOrientationLandscapeRight";
				INFOPLIST_KEY_UISupportedInterfaceOrientations_iPhone = "UIInterfaceOrientationPortrait UIInterfaceOrientationLandscapeLeft UIInterfaceOrientationLandscapeRight";
				LD_RUNPATH_SEARCH_PATHS = (
					"$(inherited)",
					"@executable_path/Frameworks",
				);
				MARKETING_VERSION = 1.0;
				PRODUCT_BUNDLE_IDENTIFIER = "ICS342-Su23-iOS-Group.SwiftWeather";
				PRODUCT_NAME = "$(TARGET_NAME)";
				SWIFT_EMIT_LOC_STRINGS = YES;
				SWIFT_VERSION = 5.0;
				TARGETED_DEVICE_FAMILY = "1,2";
			};
			name = Debug;
		};
		41E12B282A65968D006315F1 /* Release */ = {
			isa = XCBuildConfiguration;
			buildSettings = {
				ASSETCATALOG_COMPILER_APPICON_NAME = AppIcon;
				ASSETCATALOG_COMPILER_GLOBAL_ACCENT_COLOR_NAME = AccentColor;
				CODE_SIGN_STYLE = Automatic;
				CURRENT_PROJECT_VERSION = 1;
				DEVELOPMENT_ASSET_PATHS = "\"SwiftWeather/Preview Content\"";
				ENABLE_PREVIEWS = YES;
				GENERATE_INFOPLIST_FILE = YES;
				INFOPLIST_KEY_UIApplicationSceneManifest_Generation = YES;
				INFOPLIST_KEY_UIApplicationSupportsIndirectInputEvents = YES;
				INFOPLIST_KEY_UILaunchScreen_Generation = YES;
				INFOPLIST_KEY_UISupportedInterfaceOrientations_iPad = "UIInterfaceOrientationPortrait UIInterfaceOrientationPortraitUpsideDown UIInterfaceOrientationLandscapeLeft UIInterfaceOrientationLandscapeRight";
				INFOPLIST_KEY_UISupportedInterfaceOrientations_iPhone = "UIInterfaceOrientationPortrait UIInterfaceOrientationLandscapeLeft UIInterfaceOrientationLandscapeRight";
				LD_RUNPATH_SEARCH_PATHS = (
					"$(inherited)",
					"@executable_path/Frameworks",
				);
				MARKETING_VERSION = 1.0;
				PRODUCT_BUNDLE_IDENTIFIER = "ICS342-Su23-iOS-Group.SwiftWeather";
				PRODUCT_NAME = "$(TARGET_NAME)";
				SWIFT_EMIT_LOC_STRINGS = YES;
				SWIFT_VERSION = 5.0;
				TARGETED_DEVICE_FAMILY = "1,2";
			};
			name = Release;
		};
		41E12B2A2A65968D006315F1 /* Debug */ = {
			isa = XCBuildConfiguration;
			buildSettings = {
				ALWAYS_EMBED_SWIFT_STANDARD_LIBRARIES = YES;
				BUNDLE_LOADER = "$(TEST_HOST)";
				CODE_SIGN_STYLE = Automatic;
				CURRENT_PROJECT_VERSION = 1;
				GENERATE_INFOPLIST_FILE = YES;
				IPHONEOS_DEPLOYMENT_TARGET = 16.4;
				MARKETING_VERSION = 1.0;
				PRODUCT_BUNDLE_IDENTIFIER = "ICS342-Su23-iOS-Group.SwiftWeatherTests";
				PRODUCT_NAME = "$(TARGET_NAME)";
				SWIFT_EMIT_LOC_STRINGS = NO;
				SWIFT_VERSION = 5.0;
				TARGETED_DEVICE_FAMILY = "1,2";
				TEST_HOST = "$(BUILT_PRODUCTS_DIR)/SwiftWeather.app/$(BUNDLE_EXECUTABLE_FOLDER_PATH)/SwiftWeather";
			};
			name = Debug;
		};
		41E12B2B2A65968D006315F1 /* Release */ = {
			isa = XCBuildConfiguration;
			buildSettings = {
				ALWAYS_EMBED_SWIFT_STANDARD_LIBRARIES = YES;
				BUNDLE_LOADER = "$(TEST_HOST)";
				CODE_SIGN_STYLE = Automatic;
				CURRENT_PROJECT_VERSION = 1;
				GENERATE_INFOPLIST_FILE = YES;
				IPHONEOS_DEPLOYMENT_TARGET = 16.4;
				MARKETING_VERSION = 1.0;
				PRODUCT_BUNDLE_IDENTIFIER = "ICS342-Su23-iOS-Group.SwiftWeatherTests";
				PRODUCT_NAME = "$(TARGET_NAME)";
				SWIFT_EMIT_LOC_STRINGS = NO;
				SWIFT_VERSION = 5.0;
				TARGETED_DEVICE_FAMILY = "1,2";
				TEST_HOST = "$(BUILT_PRODUCTS_DIR)/SwiftWeather.app/$(BUNDLE_EXECUTABLE_FOLDER_PATH)/SwiftWeather";
			};
			name = Release;
		};
		41E12B2D2A65968D006315F1 /* Debug */ = {
			isa = XCBuildConfiguration;
			buildSettings = {
				ALWAYS_EMBED_SWIFT_STANDARD_LIBRARIES = YES;
				CODE_SIGN_STYLE = Automatic;
				CURRENT_PROJECT_VERSION = 1;
				GENERATE_INFOPLIST_FILE = YES;
				MARKETING_VERSION = 1.0;
				PRODUCT_BUNDLE_IDENTIFIER = "ICS342-Su23-iOS-Group.SwiftWeatherUITests";
				PRODUCT_NAME = "$(TARGET_NAME)";
				SWIFT_EMIT_LOC_STRINGS = NO;
				SWIFT_VERSION = 5.0;
				TARGETED_DEVICE_FAMILY = "1,2";
				TEST_TARGET_NAME = SwiftWeather;
			};
			name = Debug;
		};
		41E12B2E2A65968D006315F1 /* Release */ = {
			isa = XCBuildConfiguration;
			buildSettings = {
				ALWAYS_EMBED_SWIFT_STANDARD_LIBRARIES = YES;
				CODE_SIGN_STYLE = Automatic;
				CURRENT_PROJECT_VERSION = 1;
				GENERATE_INFOPLIST_FILE = YES;
				MARKETING_VERSION = 1.0;
				PRODUCT_BUNDLE_IDENTIFIER = "ICS342-Su23-iOS-Group.SwiftWeatherUITests";
				PRODUCT_NAME = "$(TARGET_NAME)";
				SWIFT_EMIT_LOC_STRINGS = NO;
				SWIFT_VERSION = 5.0;
				TARGETED_DEVICE_FAMILY = "1,2";
				TEST_TARGET_NAME = SwiftWeather;
			};
			name = Release;
		};
/* End XCBuildConfiguration section */

/* Begin XCConfigurationList section */
		41E12AF72A65968C006315F1 /* Build configuration list for PBXProject "SwiftWeather" */ = {
			isa = XCConfigurationList;
			buildConfigurations = (
				41E12B242A65968D006315F1 /* Debug */,
				41E12B252A65968D006315F1 /* Release */,
			);
			defaultConfigurationIsVisible = 0;
			defaultConfigurationName = Release;
		};
		41E12B262A65968D006315F1 /* Build configuration list for PBXNativeTarget "SwiftWeather" */ = {
			isa = XCConfigurationList;
			buildConfigurations = (
				41E12B272A65968D006315F1 /* Debug */,
				41E12B282A65968D006315F1 /* Release */,
			);
			defaultConfigurationIsVisible = 0;
			defaultConfigurationName = Release;
		};
		41E12B292A65968D006315F1 /* Build configuration list for PBXNativeTarget "SwiftWeatherTests" */ = {
			isa = XCConfigurationList;
			buildConfigurations = (
				41E12B2A2A65968D006315F1 /* Debug */,
				41E12B2B2A65968D006315F1 /* Release */,
			);
			defaultConfigurationIsVisible = 0;
			defaultConfigurationName = Release;
		};
		41E12B2C2A65968D006315F1 /* Build configuration list for PBXNativeTarget "SwiftWeatherUITests" */ = {
			isa = XCConfigurationList;
			buildConfigurations = (
				41E12B2D2A65968D006315F1 /* Debug */,
				41E12B2E2A65968D006315F1 /* Release */,
			);
			defaultConfigurationIsVisible = 0;
			defaultConfigurationName = Release;
		};
/* End XCConfigurationList section */

/* Begin XCVersionGroup section */
		41E12B0A2A65968D006315F1 /* SwiftWeather.xcdatamodeld */ = {
			isa = XCVersionGroup;
			children = (
				41E12B0B2A65968D006315F1 /* SwiftWeather.xcdatamodel */,
			);
			currentVersion = 41E12B0B2A65968D006315F1 /* SwiftWeather.xcdatamodel */;
			path = SwiftWeather.xcdatamodeld;
			sourceTree = "<group>";
			versionGroupType = wrapper.xcdatamodel;
		};
/* End XCVersionGroup section */
	};
	rootObject = 41E12AF42A65968C006315F1 /* Project object */;
}
